
Microsoft Visual Studio Solution File, Format Version 12.00
# Visual Studio Version 17
VisualStudioVersion = 17.4.33110.190
MinimumVisualStudioVersion = 10.0.40219.1
Project("{9A19103F-16F7-4668-BE54-9A1E7A4F7556}") = "VisPr Server", "VisPr Server\VisPr Server.csproj", "{DE0397D7-1D54-4A99-A378-9E4567538811}"
EndProject
Project("{9A19103F-16F7-4668-BE54-9A1E7A4F7556}") = "VisPr Core", "VisPr Core\VisPr Core.csproj", "{3AC0E6A7-6C23-46DB-8A7E-8D0E198579AD}"
EndProject
Project("{9A19103F-16F7-4668-BE54-9A1E7A4F7556}") = "VisPr Runtime", "VisPr Runtime\VisPr Runtime.csproj", "{97242F2A-535D-4AAE-BB40-A1C7AC63DA65}"
EndProject
Project("{FAE04EC0-301F-11D3-BF4B-00C04F79EFBC}") = "VisPr Windows Desktop Recorder", "VisPr Windows Desktop Recorder\VisPr Windows Desktop Recorder.csproj", "{73E96EA8-C504-49E2-80A0-80BD21F5BF1C}"
EndProject
Project("{9A19103F-16F7-4668-BE54-9A1E7A4F7556}") = "FlaUI.Core", "..\..\..\..\GitHub\FlaUI\src\FlaUI.Core\FlaUI.Core.csproj", "{08ED1BDC-3D03-4689-BD01-7EFFB19B5D68}"
EndProject
Project("{9A19103F-16F7-4668-BE54-9A1E7A4F7556}") = "FlaUI.UIA2", "..\..\..\..\GitHub\FlaUI\src\FlaUI.UIA2\FlaUI.UIA2.csproj", "{EDF24D16-E420-4384-8814-58A7857E64B6}"
EndProject
Project("{9A19103F-16F7-4668-BE54-9A1E7A4F7556}") = "FlaUI.UIA3", "..\..\..\..\GitHub\FlaUI\src\FlaUI.UIA3\FlaUI.UIA3.csproj", "{60E51FB0-BDA2-4111-9D57-A9B070D1D452}"
EndProject
Project("{FAE04EC0-301F-11D3-BF4B-00C04F79EFBC}") = "EventHook", "Event-hook\src\EventHook\EventHook.csproj", "{3847A7F4-3F6B-4626-AF4C-8FDFBA6165F2}"
EndProject
Global
	GlobalSection(SolutionConfigurationPlatforms) = preSolution
		Debug|Any CPU = Debug|Any CPU
		Release|Any CPU = Release|Any CPU
	EndGlobalSection
	GlobalSection(ProjectConfigurationPlatforms) = postSolution
		{DE0397D7-1D54-4A99-A378-9E4567538811}.Debug|Any CPU.ActiveCfg = Debug|Any CPU
		{DE0397D7-1D54-4A99-A378-9E4567538811}.Debug|Any CPU.Build.0 = Debug|Any CPU
		{DE0397D7-1D54-4A99-A378-9E4567538811}.Release|Any CPU.ActiveCfg = Release|Any CPU
		{DE0397D7-1D54-4A99-A378-9E4567538811}.Release|Any CPU.Build.0 = Release|Any CPU
		{3AC0E6A7-6C23-46DB-8A7E-8D0E198579AD}.Debug|Any CPU.ActiveCfg = Debug|Any CPU
		{3AC0E6A7-6C23-46DB-8A7E-8D0E198579AD}.Debug|Any CPU.Build.0 = Debug|Any CPU
		{3AC0E6A7-6C23-46DB-8A7E-8D0E198579AD}.Release|Any CPU.ActiveCfg = Release|Any CPU
		{3AC0E6A7-6C23-46DB-8A7E-8D0E198579AD}.Release|Any CPU.Build.0 = Release|Any CPU
		{97242F2A-535D-4AAE-BB40-A1C7AC63DA65}.Debug|Any CPU.ActiveCfg = Debug|Any CPU
		{97242F2A-535D-4AAE-BB40-A1C7AC63DA65}.Debug|Any CPU.Build.0 = Debug|Any CPU
		{97242F2A-535D-4AAE-BB40-A1C7AC63DA65}.Release|Any CPU.ActiveCfg = Release|Any CPU
		{97242F2A-535D-4AAE-BB40-A1C7AC63DA65}.Release|Any CPU.Build.0 = Release|Any CPU
		{73E96EA8-C504-49E2-80A0-80BD21F5BF1C}.Debug|Any CPU.ActiveCfg = Debug|Any CPU
		{73E96EA8-C504-49E2-80A0-80BD21F5BF1C}.Debug|Any CPU.Build.0 = Debug|Any CPU
		{73E96EA8-C504-49E2-80A0-80BD21F5BF1C}.Release|Any CPU.ActiveCfg = Release|Any CPU
		{73E96EA8-C504-49E2-80A0-80BD21F5BF1C}.Release|Any CPU.Build.0 = Release|Any CPU
		{08ED1BDC-3D03-4689-BD01-7EFFB19B5D68}.Debug|Any CPU.ActiveCfg = Debug|Any CPU
		{08ED1BDC-3D03-4689-BD01-7EFFB19B5D68}.Debug|Any CPU.Build.0 = Debug|Any CPU
		{08ED1BDC-3D03-4689-BD01-7EFFB19B5D68}.Release|Any CPU.ActiveCfg = Release|Any CPU
		{08ED1BDC-3D03-4689-BD01-7EFFB19B5D68}.Release|Any CPU.Build.0 = Release|Any CPU
		{EDF24D16-E420-4384-8814-58A7857E64B6}.Debug|Any CPU.ActiveCfg = Debug|Any CPU
		{EDF24D16-E420-4384-8814-58A7857E64B6}.Debug|Any CPU.Build.0 = Debug|Any CPU
		{EDF24D16-E420-4384-8814-58A7857E64B6}.Release|Any CPU.ActiveCfg = Release|Any CPU
		{EDF24D16-E420-4384-8814-58A7857E64B6}.Release|Any CPU.Build.0 = Release|Any CPU
		{60E51FB0-BDA2-4111-9D57-A9B070D1D452}.Debug|Any CPU.ActiveCfg = Debug|Any CPU
		{60E51FB0-BDA2-4111-9D57-A9B070D1D452}.Debug|Any CPU.Build.0 = Debug|Any CPU
		{60E51FB0-BDA2-4111-9D57-A9B070D1D452}.Release|Any CPU.ActiveCfg = Release|Any CPU
		{60E51FB0-BDA2-4111-9D57-A9B070D1D452}.Release|Any CPU.Build.0 = Release|Any CPU
		{3847A7F4-3F6B-4626-AF4C-8FDFBA6165F2}.Debug|Any CPU.ActiveCfg = Debug|Any CPU
		{3847A7F4-3F6B-4626-AF4C-8FDFBA6165F2}.Debug|Any CPU.Build.0 = Debug|Any CPU
		{3847A7F4-3F6B-4626-AF4C-8FDFBA6165F2}.Release|Any CPU.ActiveCfg = Release|Any CPU
		{3847A7F4-3F6B-4626-AF4C-8FDFBA6165F2}.Release|Any CPU.Build.0 = Release|Any CPU
	EndGlobalSection
	GlobalSection(SolutionProperties) = preSolution
		HideSolutionNode = FALSE
	EndGlobalSection
	GlobalSection(ExtensibilityGlobals) = postSolution
		SolutionGuid = {F35DACD4-51CF-4246-BE89-9BB312F96022}
	EndGlobalSection
EndGlobal
