
Microsoft Visual Studio Solution File, Format Version 12.00
# Visual Studio Version 17
VisualStudioVersion = 17.4.33110.190
MinimumVisualStudioVersion = 10.0.40219.1
Project("{9A19103F-16F7-4668-BE54-9A1E7A4F7556}") = "VisPr Server", "VisPr Server\VisPr Server.csproj", "{DE0397D7-1D54-4A99-A378-9E4567538811}"
EndProject
Project("{9A19103F-16F7-4668-BE54-9A1E7A4F7556}") = "VisPr Core", "VisPr Core\VisPr Core.csproj", "{3AC0E6A7-6C23-46DB-8A7E-8D0E198579AD}"
EndProject
Project("{9A19103F-16F7-4668-BE54-9A1E7A4F7556}") = "VisPr Runtime", "VisPr Runtime\VisPr Runtime.csproj", "{97242F2A-535D-4AAE-BB40-A1C7AC63DA65}"
EndProject
Project("{FAE04EC0-301F-11D3-BF4B-00C04F79EFBC}") = "VisPr Windows Desktop Recorder", "VisPr Windows Desktop Recorder\VisPr Windows Desktop Recorder.csproj", "{73E96EA8-C504-49E2-80A0-80BD21F5BF1C}"
EndProject
Project("{FAE04EC0-301F-11D3-BF4B-00C04F79EFBC}") = "EventHook", "Event-hook\src\EventHook\EventHook.csproj", "{3847A7F4-3F6B-4626-AF4C-8FDFBA6165F2}"
EndProject
Project("{9A19103F-16F7-4668-BE54-9A1E7A4F7556}") = "FlaUI.Core", "FlaUI\src\FlaUI.Core\FlaUI.Core.csproj", "{E3FF4A12-1156-4275-A92F-07E4E3F32A4F}"
EndProject
Project("{9A19103F-16F7-4668-BE54-9A1E7A4F7556}") = "FlaUI.UIA2", "FlaUI\src\FlaUI.UIA2\FlaUI.UIA2.csproj", "{9DB279EC-312B-496F-B013-4A4DD680651E}"
EndProject
Project("{9A19103F-16F7-4668-BE54-9A1E7A4F7556}") = "FlaUI.UIA3", "FlaUI\src\FlaUI.UIA3\FlaUI.UIA3.csproj", "{744145FC-62DF-4C40-A404-7575A9841F3B}"
EndProject
Global
	GlobalSection(SolutionConfigurationPlatforms) = preSolution
		Debug|Any CPU = Debug|Any CPU
		Release|Any CPU = Release|Any CPU
	EndGlobalSection
	GlobalSection(ProjectConfigurationPlatforms) = postSolution
		{DE0397D7-1D54-4A99-A378-9E4567538811}.Debug|Any CPU.ActiveCfg = Debug|Any CPU
		{DE0397D7-1D54-4A99-A378-9E4567538811}.Debug|Any CPU.Build.0 = Debug|Any CPU
		{DE0397D7-1D54-4A99-A378-9E4567538811}.Release|Any CPU.ActiveCfg = Release|Any CPU
		{DE0397D7-1D54-4A99-A378-9E4567538811}.Release|Any CPU.Build.0 = Release|Any CPU
		{3AC0E6A7-6C23-46DB-8A7E-8D0E198579AD}.Debug|Any CPU.ActiveCfg = Debug|Any CPU
		{3AC0E6A7-6C23-46DB-8A7E-8D0E198579AD}.Debug|Any CPU.Build.0 = Debug|Any CPU
		{3AC0E6A7-6C23-46DB-8A7E-8D0E198579AD}.Release|Any CPU.ActiveCfg = Release|Any CPU
		{3AC0E6A7-6C23-46DB-8A7E-8D0E198579AD}.Release|Any CPU.Build.0 = Release|Any CPU
		{97242F2A-535D-4AAE-BB40-A1C7AC63DA65}.Debug|Any CPU.ActiveCfg = Debug|Any CPU
		{97242F2A-535D-4AAE-BB40-A1C7AC63DA65}.Debug|Any CPU.Build.0 = Debug|Any CPU
		{97242F2A-535D-4AAE-BB40-A1C7AC63DA65}.Release|Any CPU.ActiveCfg = Release|Any CPU
		{97242F2A-535D-4AAE-BB40-A1C7AC63DA65}.Release|Any CPU.Build.0 = Release|Any CPU
		{73E96EA8-C504-49E2-80A0-80BD21F5BF1C}.Debug|Any CPU.ActiveCfg = Debug|Any CPU
		{73E96EA8-C504-49E2-80A0-80BD21F5BF1C}.Debug|Any CPU.Build.0 = Debug|Any CPU
		{73E96EA8-C504-49E2-80A0-80BD21F5BF1C}.Release|Any CPU.ActiveCfg = Release|Any CPU
		{73E96EA8-C504-49E2-80A0-80BD21F5BF1C}.Release|Any CPU.Build.0 = Release|Any CPU
		{3847A7F4-3F6B-4626-AF4C-8FDFBA6165F2}.Debug|Any CPU.ActiveCfg = Debug|Any CPU
		{3847A7F4-3F6B-4626-AF4C-8FDFBA6165F2}.Debug|Any CPU.Build.0 = Debug|Any CPU
		{3847A7F4-3F6B-4626-AF4C-8FDFBA6165F2}.Release|Any CPU.ActiveCfg = Release|Any CPU
		{3847A7F4-3F6B-4626-AF4C-8FDFBA6165F2}.Release|Any CPU.Build.0 = Release|Any CPU
		{E3FF4A12-1156-4275-A92F-07E4E3F32A4F}.Debug|Any CPU.ActiveCfg = Debug|Any CPU
		{E3FF4A12-1156-4275-A92F-07E4E3F32A4F}.Debug|Any CPU.Build.0 = Debug|Any CPU
		{E3FF4A12-1156-4275-A92F-07E4E3F32A4F}.Release|Any CPU.ActiveCfg = Release|Any CPU
		{E3FF4A12-1156-4275-A92F-07E4E3F32A4F}.Release|Any CPU.Build.0 = Release|Any CPU
		{9DB279EC-312B-496F-B013-4A4DD680651E}.Debug|Any CPU.ActiveCfg = Debug|Any CPU
		{9DB279EC-312B-496F-B013-4A4DD680651E}.Debug|Any CPU.Build.0 = Debug|Any CPU
		{9DB279EC-312B-496F-B013-4A4DD680651E}.Release|Any CPU.ActiveCfg = Release|Any CPU
		{9DB279EC-312B-496F-B013-4A4DD680651E}.Release|Any CPU.Build.0 = Release|Any CPU
		{744145FC-62DF-4C40-A404-7575A9841F3B}.Debug|Any CPU.ActiveCfg = Debug|Any CPU
		{744145FC-62DF-4C40-A404-7575A9841F3B}.Debug|Any CPU.Build.0 = Debug|Any CPU
		{744145FC-62DF-4C40-A404-7575A9841F3B}.Release|Any CPU.ActiveCfg = Release|Any CPU
		{744145FC-62DF-4C40-A404-7575A9841F3B}.Release|Any CPU.Build.0 = Release|Any CPU
	EndGlobalSection
	GlobalSection(SolutionProperties) = preSolution
		HideSolutionNode = FALSE
	EndGlobalSection
	GlobalSection(ExtensibilityGlobals) = postSolution
		SolutionGuid = {F35DACD4-51CF-4246-BE89-9BB312F96022}
	EndGlobalSection
EndGlobal
